
Microsoft Visual Studio Solution File, Format Version 12.00
# Visual Studio 15
Project("{FAE04EC0-301F-11D3-BF4B-00C04F79EFBC}") = "Learning RTS", "Assembly-CSharp.csproj", "{D74868DF-3ED0-9AEF-BA8D-81EFD1BD6DEA}"
EndProject
Project("{FAE04EC0-301F-11D3-BF4B-00C04F79EFBC}") = "Learning RTS", "Assembly-CSharp-Editor.csproj", "{05F5BE1E-13B9-5B9D-7070-3DC41C5C2CDC}"
EndProject
Global
	GlobalSection(SolutionConfigurationPlatforms) = preSolution
		Debug|Any CPU = Debug|Any CPU
		Release|Any CPU = Release|Any CPU
	EndGlobalSection
	GlobalSection(ProjectConfigurationPlatforms) = postSolution
		{D74868DF-3ED0-9AEF-BA8D-81EFD1BD6DEA}.Debug|Any CPU.ActiveCfg = Debug|Any CPU
		{D74868DF-3ED0-9AEF-BA8D-81EFD1BD6DEA}.Debug|Any CPU.Build.0 = Debug|Any CPU
		{D74868DF-3ED0-9AEF-BA8D-81EFD1BD6DEA}.Release|Any CPU.ActiveCfg = Release|Any CPU
		{D74868DF-3ED0-9AEF-BA8D-81EFD1BD6DEA}.Release|Any CPU.Build.0 = Release|Any CPU
		{05F5BE1E-13B9-5B9D-7070-3DC41C5C2CDC}.Debug|Any CPU.ActiveCfg = Debug|Any CPU
		{05F5BE1E-13B9-5B9D-7070-3DC41C5C2CDC}.Debug|Any CPU.Build.0 = Debug|Any CPU
		{05F5BE1E-13B9-5B9D-7070-3DC41C5C2CDC}.Release|Any CPU.ActiveCfg = Release|Any CPU
		{05F5BE1E-13B9-5B9D-7070-3DC41C5C2CDC}.Release|Any CPU.Build.0 = Release|Any CPU
	EndGlobalSection
	GlobalSection(SolutionProperties) = preSolution
		HideSolutionNode = FALSE
	EndGlobalSection
EndGlobal
